// !$*UTF8*$!
{
	archiveVersion = 1;
	classes = {
	};
	objectVersion = 56;
	objects = {

/* Begin PBXBuildFile section */
		41EDF7512AB37D3700399425 /* PlenyTaskApp.swift in Sources */ = {isa = PBXBuildFile; fileRef = 41EDF7502AB37D3700399425 /* PlenyTaskApp.swift */; };
		41EDF7532AB37D3700399425 /* ContentView.swift in Sources */ = {isa = PBXBuildFile; fileRef = 41EDF7522AB37D3700399425 /* ContentView.swift */; };
		41EDF7552AB37D3A00399425 /* Assets.xcassets in Resources */ = {isa = PBXBuildFile; fileRef = 41EDF7542AB37D3A00399425 /* Assets.xcassets */; };
		41EDF7582AB37D3A00399425 /* Preview Assets.xcassets in Resources */ = {isa = PBXBuildFile; fileRef = 41EDF7572AB37D3A00399425 /* Preview Assets.xcassets */; };
		41EDF7622AB37D3A00399425 /* PlenyTaskTests.swift in Sources */ = {isa = PBXBuildFile; fileRef = 41EDF7612AB37D3A00399425 /* PlenyTaskTests.swift */; };
		41EDF76C2AB37D3A00399425 /* PlenyTaskUITests.swift in Sources */ = {isa = PBXBuildFile; fileRef = 41EDF76B2AB37D3A00399425 /* PlenyTaskUITests.swift */; };
		41EDF76E2AB37D3A00399425 /* PlenyTaskUITestsLaunchTests.swift in Sources */ = {isa = PBXBuildFile; fileRef = 41EDF76D2AB37D3A00399425 /* PlenyTaskUITestsLaunchTests.swift */; };
		41EDF77D2AB38D4000399425 /* Alamofire in Frameworks */ = {isa = PBXBuildFile; productRef = 41EDF77C2AB38D4000399425 /* Alamofire */; };
		41EDF7892AB38FF300399425 /* AppDelegate.swift in Sources */ = {isa = PBXBuildFile; fileRef = 41EDF7882AB38FF300399425 /* AppDelegate.swift */; };
		41EDF78B2AB3900400399425 /* SceneDelegate.swift in Sources */ = {isa = PBXBuildFile; fileRef = 41EDF78A2AB3900400399425 /* SceneDelegate.swift */; };
		41EDF78D2AB3943900399425 /* AppCoordinator.swift in Sources */ = {isa = PBXBuildFile; fileRef = 41EDF78C2AB3943800399425 /* AppCoordinator.swift */; };
		41EDF78F2AB39F9E00399425 /* NavCoordinator.swift in Sources */ = {isa = PBXBuildFile; fileRef = 41EDF78E2AB39F9E00399425 /* NavCoordinator.swift */; };
		41EDF7912AB3A05E00399425 /* SplashView.swift in Sources */ = {isa = PBXBuildFile; fileRef = 41EDF7902AB3A05E00399425 /* SplashView.swift */; };
		41EDF7932AB3AF6800399425 /* Constants.swift in Sources */ = {isa = PBXBuildFile; fileRef = 41EDF7922AB3AF6800399425 /* Constants.swift */; };
		41EDF7952AB3B8A500399425 /* User.swift in Sources */ = {isa = PBXBuildFile; fileRef = 41EDF7942AB3B8A500399425 /* User.swift */; };
		41EDF7972AB3B8BF00399425 /* Post.swift in Sources */ = {isa = PBXBuildFile; fileRef = 41EDF7962AB3B8BF00399425 /* Post.swift */; };
		41EDF7992AB3B9F200399425 /* NetworkRequest.swift in Sources */ = {isa = PBXBuildFile; fileRef = 41EDF7982AB3B9F200399425 /* NetworkRequest.swift */; };
		41EDF79B2AB3BAB600399425 /* NetworkError.swift in Sources */ = {isa = PBXBuildFile; fileRef = 41EDF79A2AB3BAB600399425 /* NetworkError.swift */; };
		41EDF79D2AB42CCD00399425 /* SignInVM.swift in Sources */ = {isa = PBXBuildFile; fileRef = 41EDF79C2AB42CCD00399425 /* SignInVM.swift */; };
		41EDF79F2AB42CEE00399425 /* SignInView.swift in Sources */ = {isa = PBXBuildFile; fileRef = 41EDF79E2AB42CEE00399425 /* SignInView.swift */; };
		41EDF7A12AB42F1700399425 /* CustomTextField.swift in Sources */ = {isa = PBXBuildFile; fileRef = 41EDF7A02AB42F1700399425 /* CustomTextField.swift */; };
		41EDF7A32AB439DA00399425 /* CustomButton.swift in Sources */ = {isa = PBXBuildFile; fileRef = 41EDF7A22AB439D900399425 /* CustomButton.swift */; };
		41EDF7A52AB442B700399425 /* View+adaptsToKeyboard.swift in Sources */ = {isa = PBXBuildFile; fileRef = 41EDF7A42AB442B700399425 /* View+adaptsToKeyboard.swift */; };
		41EDF7A72AB4438B00399425 /* UIApplication+hideKeyboard.swift in Sources */ = {isa = PBXBuildFile; fileRef = 41EDF7A62AB4438B00399425 /* UIApplication+hideKeyboard.swift */; };
		41EDF7A92AB4470D00399425 /* Validators.swift in Sources */ = {isa = PBXBuildFile; fileRef = 41EDF7A82AB4470D00399425 /* Validators.swift */; };
		41EDF7AB2AB4476B00399425 /* String+Extensions.swift in Sources */ = {isa = PBXBuildFile; fileRef = 41EDF7AA2AB4476B00399425 /* String+Extensions.swift */; };
		41EDF7AD2AB44BB700399425 /* UserDefaults.swift in Sources */ = {isa = PBXBuildFile; fileRef = 41EDF7AC2AB44BB700399425 /* UserDefaults.swift */; };
		41EDF7AF2AB4502800399425 /* MainView.swift in Sources */ = {isa = PBXBuildFile; fileRef = 41EDF7AE2AB4502800399425 /* MainView.swift */; };
		41EDF7B12AB4503300399425 /* MainVM.swift in Sources */ = {isa = PBXBuildFile; fileRef = 41EDF7B02AB4503300399425 /* MainVM.swift */; };
		41EDF7B32AB4515400399425 /* PlaceHolderVM.swift in Sources */ = {isa = PBXBuildFile; fileRef = 41EDF7B22AB4515400399425 /* PlaceHolderVM.swift */; };
		41EDF7B52AB4A58700399425 /* CustomTabBar.swift in Sources */ = {isa = PBXBuildFile; fileRef = 41EDF7B42AB4A58700399425 /* CustomTabBar.swift */; };
/* End PBXBuildFile section */

/* Begin PBXContainerItemProxy section */
		41EDF75E2AB37D3A00399425 /* PBXContainerItemProxy */ = {
			isa = PBXContainerItemProxy;
			containerPortal = 41EDF7452AB37D3700399425 /* Project object */;
			proxyType = 1;
			remoteGlobalIDString = 41EDF74C2AB37D3700399425;
			remoteInfo = PlenyTask;
		};
		41EDF7682AB37D3A00399425 /* PBXContainerItemProxy */ = {
			isa = PBXContainerItemProxy;
			containerPortal = 41EDF7452AB37D3700399425 /* Project object */;
			proxyType = 1;
			remoteGlobalIDString = 41EDF74C2AB37D3700399425;
			remoteInfo = PlenyTask;
		};
/* End PBXContainerItemProxy section */

/* Begin PBXFileReference section */
		41EDF74D2AB37D3700399425 /* PlenyTask.app */ = {isa = PBXFileReference; explicitFileType = wrapper.application; includeInIndex = 0; path = PlenyTask.app; sourceTree = BUILT_PRODUCTS_DIR; };
		41EDF7502AB37D3700399425 /* PlenyTaskApp.swift */ = {isa = PBXFileReference; lastKnownFileType = sourcecode.swift; path = PlenyTaskApp.swift; sourceTree = "<group>"; };
		41EDF7522AB37D3700399425 /* ContentView.swift */ = {isa = PBXFileReference; lastKnownFileType = sourcecode.swift; path = ContentView.swift; sourceTree = "<group>"; };
		41EDF7542AB37D3A00399425 /* Assets.xcassets */ = {isa = PBXFileReference; lastKnownFileType = folder.assetcatalog; path = Assets.xcassets; sourceTree = "<group>"; };
		41EDF7572AB37D3A00399425 /* Preview Assets.xcassets */ = {isa = PBXFileReference; lastKnownFileType = folder.assetcatalog; path = "Preview Assets.xcassets"; sourceTree = "<group>"; };
		41EDF75D2AB37D3A00399425 /* PlenyTaskTests.xctest */ = {isa = PBXFileReference; explicitFileType = wrapper.cfbundle; includeInIndex = 0; path = PlenyTaskTests.xctest; sourceTree = BUILT_PRODUCTS_DIR; };
		41EDF7612AB37D3A00399425 /* PlenyTaskTests.swift */ = {isa = PBXFileReference; lastKnownFileType = sourcecode.swift; path = PlenyTaskTests.swift; sourceTree = "<group>"; };
		41EDF7672AB37D3A00399425 /* PlenyTaskUITests.xctest */ = {isa = PBXFileReference; explicitFileType = wrapper.cfbundle; includeInIndex = 0; path = PlenyTaskUITests.xctest; sourceTree = BUILT_PRODUCTS_DIR; };
		41EDF76B2AB37D3A00399425 /* PlenyTaskUITests.swift */ = {isa = PBXFileReference; lastKnownFileType = sourcecode.swift; path = PlenyTaskUITests.swift; sourceTree = "<group>"; };
		41EDF76D2AB37D3A00399425 /* PlenyTaskUITestsLaunchTests.swift */ = {isa = PBXFileReference; lastKnownFileType = sourcecode.swift; path = PlenyTaskUITestsLaunchTests.swift; sourceTree = "<group>"; };
		41EDF7882AB38FF300399425 /* AppDelegate.swift */ = {isa = PBXFileReference; lastKnownFileType = sourcecode.swift; path = AppDelegate.swift; sourceTree = "<group>"; };
		41EDF78A2AB3900400399425 /* SceneDelegate.swift */ = {isa = PBXFileReference; lastKnownFileType = sourcecode.swift; path = SceneDelegate.swift; sourceTree = "<group>"; };
		41EDF78C2AB3943800399425 /* AppCoordinator.swift */ = {isa = PBXFileReference; lastKnownFileType = sourcecode.swift; path = AppCoordinator.swift; sourceTree = "<group>"; };
		41EDF78E2AB39F9E00399425 /* NavCoordinator.swift */ = {isa = PBXFileReference; lastKnownFileType = sourcecode.swift; path = NavCoordinator.swift; sourceTree = "<group>"; };
		41EDF7902AB3A05E00399425 /* SplashView.swift */ = {isa = PBXFileReference; lastKnownFileType = sourcecode.swift; path = SplashView.swift; sourceTree = "<group>"; };
		41EDF7922AB3AF6800399425 /* Constants.swift */ = {isa = PBXFileReference; lastKnownFileType = sourcecode.swift; path = Constants.swift; sourceTree = "<group>"; };
		41EDF7942AB3B8A500399425 /* User.swift */ = {isa = PBXFileReference; lastKnownFileType = sourcecode.swift; path = User.swift; sourceTree = "<group>"; };
		41EDF7962AB3B8BF00399425 /* Post.swift */ = {isa = PBXFileReference; lastKnownFileType = sourcecode.swift; path = Post.swift; sourceTree = "<group>"; };
		41EDF7982AB3B9F200399425 /* NetworkRequest.swift */ = {isa = PBXFileReference; lastKnownFileType = sourcecode.swift; path = NetworkRequest.swift; sourceTree = "<group>"; };
		41EDF79A2AB3BAB600399425 /* NetworkError.swift */ = {isa = PBXFileReference; lastKnownFileType = sourcecode.swift; path = NetworkError.swift; sourceTree = "<group>"; };
		41EDF79C2AB42CCD00399425 /* SignInVM.swift */ = {isa = PBXFileReference; lastKnownFileType = sourcecode.swift; path = SignInVM.swift; sourceTree = "<group>"; };
		41EDF79E2AB42CEE00399425 /* SignInView.swift */ = {isa = PBXFileReference; lastKnownFileType = sourcecode.swift; path = SignInView.swift; sourceTree = "<group>"; };
		41EDF7A02AB42F1700399425 /* CustomTextField.swift */ = {isa = PBXFileReference; lastKnownFileType = sourcecode.swift; path = CustomTextField.swift; sourceTree = "<group>"; };
		41EDF7A22AB439D900399425 /* CustomButton.swift */ = {isa = PBXFileReference; lastKnownFileType = sourcecode.swift; path = CustomButton.swift; sourceTree = "<group>"; };
		41EDF7A42AB442B700399425 /* View+adaptsToKeyboard.swift */ = {isa = PBXFileReference; lastKnownFileType = sourcecode.swift; path = "View+adaptsToKeyboard.swift"; sourceTree = "<group>"; };
		41EDF7A62AB4438B00399425 /* UIApplication+hideKeyboard.swift */ = {isa = PBXFileReference; lastKnownFileType = sourcecode.swift; path = "UIApplication+hideKeyboard.swift"; sourceTree = "<group>"; };
		41EDF7A82AB4470D00399425 /* Validators.swift */ = {isa = PBXFileReference; lastKnownFileType = sourcecode.swift; path = Validators.swift; sourceTree = "<group>"; };
		41EDF7AA2AB4476B00399425 /* String+Extensions.swift */ = {isa = PBXFileReference; lastKnownFileType = sourcecode.swift; path = "String+Extensions.swift"; sourceTree = "<group>"; };
		41EDF7AC2AB44BB700399425 /* UserDefaults.swift */ = {isa = PBXFileReference; lastKnownFileType = sourcecode.swift; path = UserDefaults.swift; sourceTree = "<group>"; };
		41EDF7AE2AB4502800399425 /* MainView.swift */ = {isa = PBXFileReference; lastKnownFileType = sourcecode.swift; path = MainView.swift; sourceTree = "<group>"; };
		41EDF7B02AB4503300399425 /* MainVM.swift */ = {isa = PBXFileReference; lastKnownFileType = sourcecode.swift; path = MainVM.swift; sourceTree = "<group>"; };
		41EDF7B22AB4515400399425 /* PlaceHolderVM.swift */ = {isa = PBXFileReference; lastKnownFileType = sourcecode.swift; path = PlaceHolderVM.swift; sourceTree = "<group>"; };
		41EDF7B42AB4A58700399425 /* CustomTabBar.swift */ = {isa = PBXFileReference; lastKnownFileType = sourcecode.swift; path = CustomTabBar.swift; sourceTree = "<group>"; };
/* End PBXFileReference section */

/* Begin PBXFrameworksBuildPhase section */
		41EDF74A2AB37D3700399425 /* Frameworks */ = {
			isa = PBXFrameworksBuildPhase;
			buildActionMask = 2147483647;
			files = (
				41EDF77D2AB38D4000399425 /* Alamofire in Frameworks */,
			);
			runOnlyForDeploymentPostprocessing = 0;
		};
		41EDF75A2AB37D3A00399425 /* Frameworks */ = {
			isa = PBXFrameworksBuildPhase;
			buildActionMask = 2147483647;
			files = (
			);
			runOnlyForDeploymentPostprocessing = 0;
		};
		41EDF7642AB37D3A00399425 /* Frameworks */ = {
			isa = PBXFrameworksBuildPhase;
			buildActionMask = 2147483647;
			files = (
			);
			runOnlyForDeploymentPostprocessing = 0;
		};
/* End PBXFrameworksBuildPhase section */

/* Begin PBXGroup section */
		41EDF7442AB37D3700399425 = {
			isa = PBXGroup;
			children = (
				41EDF74F2AB37D3700399425 /* PlenyTask */,
				41EDF7602AB37D3A00399425 /* PlenyTaskTests */,
				41EDF76A2AB37D3A00399425 /* PlenyTaskUITests */,
				41EDF74E2AB37D3700399425 /* Products */,
			);
			sourceTree = "<group>";
		};
		41EDF74E2AB37D3700399425 /* Products */ = {
			isa = PBXGroup;
			children = (
				41EDF74D2AB37D3700399425 /* PlenyTask.app */,
				41EDF75D2AB37D3A00399425 /* PlenyTaskTests.xctest */,
				41EDF7672AB37D3A00399425 /* PlenyTaskUITests.xctest */,
			);
			name = Products;
			sourceTree = "<group>";
		};
		41EDF74F2AB37D3700399425 /* PlenyTask */ = {
			isa = PBXGroup;
			children = (
				41EDF7862AB38EC700399425 /* CustomViews */,
				41EDF7852AB38EB600399425 /* Extension */,
				41EDF7842AB38EAC00399425 /* Utility */,
				41EDF7832AB38EA300399425 /* Coordinator */,
				41EDF7822AB38E9A00399425 /* Requests */,
				41EDF77F2AB38E6A00399425 /* View */,
				41EDF7802AB38E8300399425 /* ViewModel */,
				41EDF7812AB38E8D00399425 /* Model */,
				41EDF7872AB38EE400399425 /* Resources */,
				41EDF7542AB37D3A00399425 /* Assets.xcassets */,
				41EDF7562AB37D3A00399425 /* Preview Content */,
				41EDF7882AB38FF300399425 /* AppDelegate.swift */,
				41EDF78A2AB3900400399425 /* SceneDelegate.swift */,
				41EDF7502AB37D3700399425 /* PlenyTaskApp.swift */,
			);
			path = PlenyTask;
			sourceTree = "<group>";
		};
		41EDF7562AB37D3A00399425 /* Preview Content */ = {
			isa = PBXGroup;
			children = (
				41EDF7572AB37D3A00399425 /* Preview Assets.xcassets */,
			);
			path = "Preview Content";
			sourceTree = "<group>";
		};
		41EDF7602AB37D3A00399425 /* PlenyTaskTests */ = {
			isa = PBXGroup;
			children = (
				41EDF7612AB37D3A00399425 /* PlenyTaskTests.swift */,
			);
			path = PlenyTaskTests;
			sourceTree = "<group>";
		};
		41EDF76A2AB37D3A00399425 /* PlenyTaskUITests */ = {
			isa = PBXGroup;
			children = (
				41EDF76B2AB37D3A00399425 /* PlenyTaskUITests.swift */,
				41EDF76D2AB37D3A00399425 /* PlenyTaskUITestsLaunchTests.swift */,
			);
			path = PlenyTaskUITests;
			sourceTree = "<group>";
		};
		41EDF77F2AB38E6A00399425 /* View */ = {
			isa = PBXGroup;
			children = (
				41EDF7522AB37D3700399425 /* ContentView.swift */,
				41EDF7902AB3A05E00399425 /* SplashView.swift */,
				41EDF79E2AB42CEE00399425 /* SignInView.swift */,
				41EDF7AE2AB4502800399425 /* MainView.swift */,
			);
			path = View;
			sourceTree = "<group>";
		};
		41EDF7802AB38E8300399425 /* ViewModel */ = {
			isa = PBXGroup;
			children = (
				41EDF79C2AB42CCD00399425 /* SignInVM.swift */,
				41EDF7B02AB4503300399425 /* MainVM.swift */,
				41EDF7B22AB4515400399425 /* PlaceHolderVM.swift */,
			);
			path = ViewModel;
			sourceTree = "<group>";
		};
		41EDF7812AB38E8D00399425 /* Model */ = {
			isa = PBXGroup;
			children = (
				41EDF7942AB3B8A500399425 /* User.swift */,
				41EDF7962AB3B8BF00399425 /* Post.swift */,
			);
			path = Model;
			sourceTree = "<group>";
		};
		41EDF7822AB38E9A00399425 /* Requests */ = {
			isa = PBXGroup;
			children = (
				41EDF7982AB3B9F200399425 /* NetworkRequest.swift */,
				41EDF79A2AB3BAB600399425 /* NetworkError.swift */,
			);
			path = Requests;
			sourceTree = "<group>";
		};
		41EDF7832AB38EA300399425 /* Coordinator */ = {
			isa = PBXGroup;
			children = (
				41EDF78C2AB3943800399425 /* AppCoordinator.swift */,
				41EDF78E2AB39F9E00399425 /* NavCoordinator.swift */,
			);
			path = Coordinator;
			sourceTree = "<group>";
		};
		41EDF7842AB38EAC00399425 /* Utility */ = {
			isa = PBXGroup;
			children = (
				41EDF7922AB3AF6800399425 /* Constants.swift */,
				41EDF7A82AB4470D00399425 /* Validators.swift */,
				41EDF7AC2AB44BB700399425 /* UserDefaults.swift */,
			);
			path = Utility;
			sourceTree = "<group>";
		};
		41EDF7852AB38EB600399425 /* Extension */ = {
			isa = PBXGroup;
			children = (
				41EDF7A42AB442B700399425 /* View+adaptsToKeyboard.swift */,
				41EDF7A62AB4438B00399425 /* UIApplication+hideKeyboard.swift */,
				41EDF7AA2AB4476B00399425 /* String+Extensions.swift */,
			);
			path = Extension;
			sourceTree = "<group>";
		};
		41EDF7862AB38EC700399425 /* CustomViews */ = {
			isa = PBXGroup;
			children = (
				41EDF7A02AB42F1700399425 /* CustomTextField.swift */,
				41EDF7A22AB439D900399425 /* CustomButton.swift */,
				41EDF7B42AB4A58700399425 /* CustomTabBar.swift */,
			);
			path = CustomViews;
			sourceTree = "<group>";
		};
		41EDF7872AB38EE400399425 /* Resources */ = {
			isa = PBXGroup;
			children = (
			);
			path = Resources;
			sourceTree = "<group>";
		};
/* End PBXGroup section */

/* Begin PBXNativeTarget section */
		41EDF74C2AB37D3700399425 /* PlenyTask */ = {
			isa = PBXNativeTarget;
			buildConfigurationList = 41EDF7712AB37D3A00399425 /* Build configuration list for PBXNativeTarget "PlenyTask" */;
			buildPhases = (
				41EDF7492AB37D3700399425 /* Sources */,
				41EDF74A2AB37D3700399425 /* Frameworks */,
				41EDF74B2AB37D3700399425 /* Resources */,
			);
			buildRules = (
			);
			dependencies = (
			);
			name = PlenyTask;
			packageProductDependencies = (
				41EDF77C2AB38D4000399425 /* Alamofire */,
			);
			productName = PlenyTask;
			productReference = 41EDF74D2AB37D3700399425 /* PlenyTask.app */;
			productType = "com.apple.product-type.application";
		};
		41EDF75C2AB37D3A00399425 /* PlenyTaskTests */ = {
			isa = PBXNativeTarget;
			buildConfigurationList = 41EDF7742AB37D3A00399425 /* Build configuration list for PBXNativeTarget "PlenyTaskTests" */;
			buildPhases = (
				41EDF7592AB37D3A00399425 /* Sources */,
				41EDF75A2AB37D3A00399425 /* Frameworks */,
				41EDF75B2AB37D3A00399425 /* Resources */,
			);
			buildRules = (
			);
			dependencies = (
				41EDF75F2AB37D3A00399425 /* PBXTargetDependency */,
			);
			name = PlenyTaskTests;
			productName = PlenyTaskTests;
			productReference = 41EDF75D2AB37D3A00399425 /* PlenyTaskTests.xctest */;
			productType = "com.apple.product-type.bundle.unit-test";
		};
		41EDF7662AB37D3A00399425 /* PlenyTaskUITests */ = {
			isa = PBXNativeTarget;
			buildConfigurationList = 41EDF7772AB37D3A00399425 /* Build configuration list for PBXNativeTarget "PlenyTaskUITests" */;
			buildPhases = (
				41EDF7632AB37D3A00399425 /* Sources */,
				41EDF7642AB37D3A00399425 /* Frameworks */,
				41EDF7652AB37D3A00399425 /* Resources */,
			);
			buildRules = (
			);
			dependencies = (
				41EDF7692AB37D3A00399425 /* PBXTargetDependency */,
			);
			name = PlenyTaskUITests;
			productName = PlenyTaskUITests;
			productReference = 41EDF7672AB37D3A00399425 /* PlenyTaskUITests.xctest */;
			productType = "com.apple.product-type.bundle.ui-testing";
		};
/* End PBXNativeTarget section */

/* Begin PBXProject section */
		41EDF7452AB37D3700399425 /* Project object */ = {
			isa = PBXProject;
			attributes = {
				BuildIndependentTargetsInParallel = 1;
				LastSwiftUpdateCheck = 1430;
				LastUpgradeCheck = 1430;
				TargetAttributes = {
					41EDF74C2AB37D3700399425 = {
						CreatedOnToolsVersion = 14.3.1;
					};
					41EDF75C2AB37D3A00399425 = {
						CreatedOnToolsVersion = 14.3.1;
						TestTargetID = 41EDF74C2AB37D3700399425;
					};
					41EDF7662AB37D3A00399425 = {
						CreatedOnToolsVersion = 14.3.1;
						TestTargetID = 41EDF74C2AB37D3700399425;
					};
				};
			};
			buildConfigurationList = 41EDF7482AB37D3700399425 /* Build configuration list for PBXProject "PlenyTask" */;
			compatibilityVersion = "Xcode 14.0";
			developmentRegion = en;
			hasScannedForEncodings = 0;
			knownRegions = (
				en,
				Base,
			);
			mainGroup = 41EDF7442AB37D3700399425;
			packageReferences = (
				41EDF77B2AB38D4000399425 /* XCRemoteSwiftPackageReference "Alamofire" */,
			);
			productRefGroup = 41EDF74E2AB37D3700399425 /* Products */;
			projectDirPath = "";
			projectRoot = "";
			targets = (
				41EDF74C2AB37D3700399425 /* PlenyTask */,
				41EDF75C2AB37D3A00399425 /* PlenyTaskTests */,
				41EDF7662AB37D3A00399425 /* PlenyTaskUITests */,
			);
		};
/* End PBXProject section */

/* Begin PBXResourcesBuildPhase section */
		41EDF74B2AB37D3700399425 /* Resources */ = {
			isa = PBXResourcesBuildPhase;
			buildActionMask = 2147483647;
			files = (
				41EDF7582AB37D3A00399425 /* Preview Assets.xcassets in Resources */,
				41EDF7552AB37D3A00399425 /* Assets.xcassets in Resources */,
			);
			runOnlyForDeploymentPostprocessing = 0;
		};
		41EDF75B2AB37D3A00399425 /* Resources */ = {
			isa = PBXResourcesBuildPhase;
			buildActionMask = 2147483647;
			files = (
			);
			runOnlyForDeploymentPostprocessing = 0;
		};
		41EDF7652AB37D3A00399425 /* Resources */ = {
			isa = PBXResourcesBuildPhase;
			buildActionMask = 2147483647;
			files = (
			);
			runOnlyForDeploymentPostprocessing = 0;
		};
/* End PBXResourcesBuildPhase section */

/* Begin PBXSourcesBuildPhase section */
		41EDF7492AB37D3700399425 /* Sources */ = {
			isa = PBXSourcesBuildPhase;
			buildActionMask = 2147483647;
			files = (
				41EDF7AB2AB4476B00399425 /* String+Extensions.swift in Sources */,
				41EDF7892AB38FF300399425 /* AppDelegate.swift in Sources */,
				41EDF7532AB37D3700399425 /* ContentView.swift in Sources */,
				41EDF78F2AB39F9E00399425 /* NavCoordinator.swift in Sources */,
				41EDF78D2AB3943900399425 /* AppCoordinator.swift in Sources */,
				41EDF7AD2AB44BB700399425 /* UserDefaults.swift in Sources */,
				41EDF7A32AB439DA00399425 /* CustomButton.swift in Sources */,
				41EDF7B12AB4503300399425 /* MainVM.swift in Sources */,
				41EDF7AF2AB4502800399425 /* MainView.swift in Sources */,
				41EDF7A92AB4470D00399425 /* Validators.swift in Sources */,
				41EDF7512AB37D3700399425 /* PlenyTaskApp.swift in Sources */,
				41EDF7952AB3B8A500399425 /* User.swift in Sources */,
				41EDF78B2AB3900400399425 /* SceneDelegate.swift in Sources */,
				41EDF7A72AB4438B00399425 /* UIApplication+hideKeyboard.swift in Sources */,
				41EDF7912AB3A05E00399425 /* SplashView.swift in Sources */,
				41EDF79F2AB42CEE00399425 /* SignInView.swift in Sources */,
				41EDF7992AB3B9F200399425 /* NetworkRequest.swift in Sources */,
				41EDF79D2AB42CCD00399425 /* SignInVM.swift in Sources */,
				41EDF79B2AB3BAB600399425 /* NetworkError.swift in Sources */,
				41EDF7932AB3AF6800399425 /* Constants.swift in Sources */,
				41EDF7B32AB4515400399425 /* PlaceHolderVM.swift in Sources */,
				41EDF7B52AB4A58700399425 /* CustomTabBar.swift in Sources */,
				41EDF7A52AB442B700399425 /* View+adaptsToKeyboard.swift in Sources */,
				41EDF7972AB3B8BF00399425 /* Post.swift in Sources */,
				41EDF7A12AB42F1700399425 /* CustomTextField.swift in Sources */,
			);
			runOnlyForDeploymentPostprocessing = 0;
		};
		41EDF7592AB37D3A00399425 /* Sources */ = {
			isa = PBXSourcesBuildPhase;
			buildActionMask = 2147483647;
			files = (
				41EDF7622AB37D3A00399425 /* PlenyTaskTests.swift in Sources */,
			);
			runOnlyForDeploymentPostprocessing = 0;
		};
		41EDF7632AB37D3A00399425 /* Sources */ = {
			isa = PBXSourcesBuildPhase;
			buildActionMask = 2147483647;
			files = (
				41EDF76E2AB37D3A00399425 /* PlenyTaskUITestsLaunchTests.swift in Sources */,
				41EDF76C2AB37D3A00399425 /* PlenyTaskUITests.swift in Sources */,
			);
			runOnlyForDeploymentPostprocessing = 0;
		};
/* End PBXSourcesBuildPhase section */

/* Begin PBXTargetDependency section */
		41EDF75F2AB37D3A00399425 /* PBXTargetDependency */ = {
			isa = PBXTargetDependency;
			target = 41EDF74C2AB37D3700399425 /* PlenyTask */;
			targetProxy = 41EDF75E2AB37D3A00399425 /* PBXContainerItemProxy */;
		};
		41EDF7692AB37D3A00399425 /* PBXTargetDependency */ = {
			isa = PBXTargetDependency;
			target = 41EDF74C2AB37D3700399425 /* PlenyTask */;
			targetProxy = 41EDF7682AB37D3A00399425 /* PBXContainerItemProxy */;
		};
/* End PBXTargetDependency section */

/* Begin XCBuildConfiguration section */
		41EDF76F2AB37D3A00399425 /* Debug */ = {
			isa = XCBuildConfiguration;
			buildSettings = {
				ALWAYS_SEARCH_USER_PATHS = NO;
				CLANG_ANALYZER_NONNULL = YES;
				CLANG_ANALYZER_NUMBER_OBJECT_CONVERSION = YES_AGGRESSIVE;
				CLANG_CXX_LANGUAGE_STANDARD = "gnu++20";
				CLANG_ENABLE_MODULES = YES;
				CLANG_ENABLE_OBJC_ARC = YES;
				CLANG_ENABLE_OBJC_WEAK = YES;
				CLANG_WARN_BLOCK_CAPTURE_AUTORELEASING = YES;
				CLANG_WARN_BOOL_CONVERSION = YES;
				CLANG_WARN_COMMA = YES;
				CLANG_WARN_CONSTANT_CONVERSION = YES;
				CLANG_WARN_DEPRECATED_OBJC_IMPLEMENTATIONS = YES;
				CLANG_WARN_DIRECT_OBJC_ISA_USAGE = YES_ERROR;
				CLANG_WARN_DOCUMENTATION_COMMENTS = YES;
				CLANG_WARN_EMPTY_BODY = YES;
				CLANG_WARN_ENUM_CONVERSION = YES;
				CLANG_WARN_INFINITE_RECURSION = YES;
				CLANG_WARN_INT_CONVERSION = YES;
				CLANG_WARN_NON_LITERAL_NULL_CONVERSION = YES;
				CLANG_WARN_OBJC_IMPLICIT_RETAIN_SELF = YES;
				CLANG_WARN_OBJC_LITERAL_CONVERSION = YES;
				CLANG_WARN_OBJC_ROOT_CLASS = YES_ERROR;
				CLANG_WARN_QUOTED_INCLUDE_IN_FRAMEWORK_HEADER = YES;
				CLANG_WARN_RANGE_LOOP_ANALYSIS = YES;
				CLANG_WARN_STRICT_PROTOTYPES = YES;
				CLANG_WARN_SUSPICIOUS_MOVE = YES;
				CLANG_WARN_UNGUARDED_AVAILABILITY = YES_AGGRESSIVE;
				CLANG_WARN_UNREACHABLE_CODE = YES;
				CLANG_WARN__DUPLICATE_METHOD_MATCH = YES;
				COPY_PHASE_STRIP = NO;
				DEBUG_INFORMATION_FORMAT = dwarf;
				ENABLE_STRICT_OBJC_MSGSEND = YES;
				ENABLE_TESTABILITY = YES;
				GCC_C_LANGUAGE_STANDARD = gnu11;
				GCC_DYNAMIC_NO_PIC = NO;
				GCC_NO_COMMON_BLOCKS = YES;
				GCC_OPTIMIZATION_LEVEL = 0;
				GCC_PREPROCESSOR_DEFINITIONS = (
					"DEBUG=1",
					"$(inherited)",
				);
				GCC_WARN_64_TO_32_BIT_CONVERSION = YES;
				GCC_WARN_ABOUT_RETURN_TYPE = YES_ERROR;
				GCC_WARN_UNDECLARED_SELECTOR = YES;
				GCC_WARN_UNINITIALIZED_AUTOS = YES_AGGRESSIVE;
				GCC_WARN_UNUSED_FUNCTION = YES;
				GCC_WARN_UNUSED_VARIABLE = YES;
				IPHONEOS_DEPLOYMENT_TARGET = 15.0;
				MTL_ENABLE_DEBUG_INFO = INCLUDE_SOURCE;
				MTL_FAST_MATH = YES;
				ONLY_ACTIVE_ARCH = YES;
				SDKROOT = iphoneos;
				SWIFT_ACTIVE_COMPILATION_CONDITIONS = DEBUG;
				SWIFT_OPTIMIZATION_LEVEL = "-Onone";
			};
			name = Debug;
		};
		41EDF7702AB37D3A00399425 /* Release */ = {
			isa = XCBuildConfiguration;
			buildSettings = {
				ALWAYS_SEARCH_USER_PATHS = NO;
				CLANG_ANALYZER_NONNULL = YES;
				CLANG_ANALYZER_NUMBER_OBJECT_CONVERSION = YES_AGGRESSIVE;
				CLANG_CXX_LANGUAGE_STANDARD = "gnu++20";
				CLANG_ENABLE_MODULES = YES;
				CLANG_ENABLE_OBJC_ARC = YES;
				CLANG_ENABLE_OBJC_WEAK = YES;
				CLANG_WARN_BLOCK_CAPTURE_AUTORELEASING = YES;
				CLANG_WARN_BOOL_CONVERSION = YES;
				CLANG_WARN_COMMA = YES;
				CLANG_WARN_CONSTANT_CONVERSION = YES;
				CLANG_WARN_DEPRECATED_OBJC_IMPLEMENTATIONS = YES;
				CLANG_WARN_DIRECT_OBJC_ISA_USAGE = YES_ERROR;
				CLANG_WARN_DOCUMENTATION_COMMENTS = YES;
				CLANG_WARN_EMPTY_BODY = YES;
				CLANG_WARN_ENUM_CONVERSION = YES;
				CLANG_WARN_INFINITE_RECURSION = YES;
				CLANG_WARN_INT_CONVERSION = YES;
				CLANG_WARN_NON_LITERAL_NULL_CONVERSION = YES;
				CLANG_WARN_OBJC_IMPLICIT_RETAIN_SELF = YES;
				CLANG_WARN_OBJC_LITERAL_CONVERSION = YES;
				CLANG_WARN_OBJC_ROOT_CLASS = YES_ERROR;
				CLANG_WARN_QUOTED_INCLUDE_IN_FRAMEWORK_HEADER = YES;
				CLANG_WARN_RANGE_LOOP_ANALYSIS = YES;
				CLANG_WARN_STRICT_PROTOTYPES = YES;
				CLANG_WARN_SUSPICIOUS_MOVE = YES;
				CLANG_WARN_UNGUARDED_AVAILABILITY = YES_AGGRESSIVE;
				CLANG_WARN_UNREACHABLE_CODE = YES;
				CLANG_WARN__DUPLICATE_METHOD_MATCH = YES;
				COPY_PHASE_STRIP = NO;
				DEBUG_INFORMATION_FORMAT = "dwarf-with-dsym";
				ENABLE_NS_ASSERTIONS = NO;
				ENABLE_STRICT_OBJC_MSGSEND = YES;
				GCC_C_LANGUAGE_STANDARD = gnu11;
				GCC_NO_COMMON_BLOCKS = YES;
				GCC_WARN_64_TO_32_BIT_CONVERSION = YES;
				GCC_WARN_ABOUT_RETURN_TYPE = YES_ERROR;
				GCC_WARN_UNDECLARED_SELECTOR = YES;
				GCC_WARN_UNINITIALIZED_AUTOS = YES_AGGRESSIVE;
				GCC_WARN_UNUSED_FUNCTION = YES;
				GCC_WARN_UNUSED_VARIABLE = YES;
				IPHONEOS_DEPLOYMENT_TARGET = 15.0;
				MTL_ENABLE_DEBUG_INFO = NO;
				MTL_FAST_MATH = YES;
				SDKROOT = iphoneos;
				SWIFT_COMPILATION_MODE = wholemodule;
				SWIFT_OPTIMIZATION_LEVEL = "-O";
				VALIDATE_PRODUCT = YES;
			};
			name = Release;
		};
		41EDF7722AB37D3A00399425 /* Debug */ = {
			isa = XCBuildConfiguration;
			buildSettings = {
				ASSETCATALOG_COMPILER_APPICON_NAME = AppIcon;
				ASSETCATALOG_COMPILER_GLOBAL_ACCENT_COLOR_NAME = AccentColor;
				CODE_SIGN_STYLE = Automatic;
				CURRENT_PROJECT_VERSION = 1;
				DEVELOPMENT_ASSET_PATHS = "\"PlenyTask/Preview Content\"";
				DEVELOPMENT_TEAM = 8A4HTMPS6P;
				ENABLE_PREVIEWS = YES;
				GENERATE_INFOPLIST_FILE = YES;
				INFOPLIST_KEY_CFBundleDisplayName = PlenyTask;
				INFOPLIST_KEY_LSApplicationCategoryType = "public.app-category.food-and-drink";
				INFOPLIST_KEY_UIApplicationSceneManifest_Generation = YES;
				INFOPLIST_KEY_UIApplicationSupportsIndirectInputEvents = YES;
				INFOPLIST_KEY_UILaunchScreen_Generation = YES;
				INFOPLIST_KEY_UISupportedInterfaceOrientations = UIInterfaceOrientationPortrait;
				LD_RUNPATH_SEARCH_PATHS = (
					"$(inherited)",
					"@executable_path/Frameworks",
				);
				MARKETING_VERSION = 1.0;
				PRODUCT_BUNDLE_IDENTIFIER = belalsamy.PlenyTask;
				PRODUCT_NAME = "$(TARGET_NAME)";
				SUPPORTED_PLATFORMS = "iphoneos iphonesimulator";
				SUPPORTS_MACCATALYST = NO;
				SUPPORTS_MAC_DESIGNED_FOR_IPHONE_IPAD = NO;
				SWIFT_EMIT_LOC_STRINGS = YES;
				SWIFT_VERSION = 5.0;
				TARGETED_DEVICE_FAMILY = 1;
			};
			name = Debug;
		};
		41EDF7732AB37D3A00399425 /* Release */ = {
			isa = XCBuildConfiguration;
			buildSettings = {
				ASSETCATALOG_COMPILER_APPICON_NAME = AppIcon;
				ASSETCATALOG_COMPILER_GLOBAL_ACCENT_COLOR_NAME = AccentColor;
				CODE_SIGN_STYLE = Automatic;
				CURRENT_PROJECT_VERSION = 1;
				DEVELOPMENT_ASSET_PATHS = "\"PlenyTask/Preview Content\"";
				DEVELOPMENT_TEAM = 8A4HTMPS6P;
				ENABLE_PREVIEWS = YES;
				GENERATE_INFOPLIST_FILE = YES;
				INFOPLIST_KEY_CFBundleDisplayName = PlenyTask;
				INFOPLIST_KEY_LSApplicationCategoryType = "public.app-category.food-and-drink";
				INFOPLIST_KEY_UIApplicationSceneManifest_Generation = YES;
				INFOPLIST_KEY_UIApplicationSupportsIndirectInputEvents = YES;
				INFOPLIST_KEY_UILaunchScreen_Generation = YES;
				INFOPLIST_KEY_UISupportedInterfaceOrientations = UIInterfaceOrientationPortrait;
				LD_RUNPATH_SEARCH_PATHS = (
					"$(inherited)",
					"@executable_path/Frameworks",
				);
				MARKETING_VERSION = 1.0;
				PRODUCT_BUNDLE_IDENTIFIER = belalsamy.PlenyTask;
				PRODUCT_NAME = "$(TARGET_NAME)";
				SUPPORTED_PLATFORMS = "iphoneos iphonesimulator";
				SUPPORTS_MACCATALYST = NO;
				SUPPORTS_MAC_DESIGNED_FOR_IPHONE_IPAD = NO;
				SWIFT_EMIT_LOC_STRINGS = YES;
				SWIFT_VERSION = 5.0;
				TARGETED_DEVICE_FAMILY = 1;
			};
			name = Release;
		};
		41EDF7752AB37D3A00399425 /* Debug */ = {
			isa = XCBuildConfiguration;
			buildSettings = {
				ALWAYS_EMBED_SWIFT_STANDARD_LIBRARIES = YES;
				BUNDLE_LOADER = "$(TEST_HOST)";
				CODE_SIGN_STYLE = Automatic;
				CURRENT_PROJECT_VERSION = 1;
				DEVELOPMENT_TEAM = 8A4HTMPS6P;
				GENERATE_INFOPLIST_FILE = YES;
				IPHONEOS_DEPLOYMENT_TARGET = 16.4;
				MARKETING_VERSION = 1.0;
				PRODUCT_BUNDLE_IDENTIFIER = belalsamy.PlenyTaskTests;
				PRODUCT_NAME = "$(TARGET_NAME)";
				SWIFT_EMIT_LOC_STRINGS = NO;
				SWIFT_VERSION = 5.0;
				TARGETED_DEVICE_FAMILY = "1,2";
				TEST_HOST = "$(BUILT_PRODUCTS_DIR)/PlenyTask.app/$(BUNDLE_EXECUTABLE_FOLDER_PATH)/PlenyTask";
			};
			name = Debug;
		};
		41EDF7762AB37D3A00399425 /* Release */ = {
			isa = XCBuildConfiguration;
			buildSettings = {
				ALWAYS_EMBED_SWIFT_STANDARD_LIBRARIES = YES;
				BUNDLE_LOADER = "$(TEST_HOST)";
				CODE_SIGN_STYLE = Automatic;
				CURRENT_PROJECT_VERSION = 1;
				DEVELOPMENT_TEAM = 8A4HTMPS6P;
				GENERATE_INFOPLIST_FILE = YES;
				IPHONEOS_DEPLOYMENT_TARGET = 16.4;
				MARKETING_VERSION = 1.0;
				PRODUCT_BUNDLE_IDENTIFIER = belalsamy.PlenyTaskTests;
				PRODUCT_NAME = "$(TARGET_NAME)";
				SWIFT_EMIT_LOC_STRINGS = NO;
				SWIFT_VERSION = 5.0;
				TARGETED_DEVICE_FAMILY = "1,2";
				TEST_HOST = "$(BUILT_PRODUCTS_DIR)/PlenyTask.app/$(BUNDLE_EXECUTABLE_FOLDER_PATH)/PlenyTask";
			};
			name = Release;
		};
		41EDF7782AB37D3A00399425 /* Debug */ = {
			isa = XCBuildConfiguration;
			buildSettings = {
				ALWAYS_EMBED_SWIFT_STANDARD_LIBRARIES = YES;
				CODE_SIGN_STYLE = Automatic;
				CURRENT_PROJECT_VERSION = 1;
				DEVELOPMENT_TEAM = 8A4HTMPS6P;
				GENERATE_INFOPLIST_FILE = YES;
				MARKETING_VERSION = 1.0;
				PRODUCT_BUNDLE_IDENTIFIER = belalsamy.PlenyTaskUITests;
				PRODUCT_NAME = "$(TARGET_NAME)";
				SWIFT_EMIT_LOC_STRINGS = NO;
				SWIFT_VERSION = 5.0;
				TARGETED_DEVICE_FAMILY = "1,2";
				TEST_TARGET_NAME = PlenyTask;
			};
			name = Debug;
		};
		41EDF7792AB37D3A00399425 /* Release */ = {
			isa = XCBuildConfiguration;
			buildSettings = {
				ALWAYS_EMBED_SWIFT_STANDARD_LIBRARIES = YES;
				CODE_SIGN_STYLE = Automatic;
				CURRENT_PROJECT_VERSION = 1;
				DEVELOPMENT_TEAM = 8A4HTMPS6P;
				GENERATE_INFOPLIST_FILE = YES;
				MARKETING_VERSION = 1.0;
				PRODUCT_BUNDLE_IDENTIFIER = belalsamy.PlenyTaskUITests;
				PRODUCT_NAME = "$(TARGET_NAME)";
				SWIFT_EMIT_LOC_STRINGS = NO;
				SWIFT_VERSION = 5.0;
				TARGETED_DEVICE_FAMILY = "1,2";
				TEST_TARGET_NAME = PlenyTask;
			};
			name = Release;
		};
/* End XCBuildConfiguration section */

/* Begin XCConfigurationList section */
		41EDF7482AB37D3700399425 /* Build configuration list for PBXProject "PlenyTask" */ = {
			isa = XCConfigurationList;
			buildConfigurations = (
				41EDF76F2AB37D3A00399425 /* Debug */,
				41EDF7702AB37D3A00399425 /* Release */,
			);
			defaultConfigurationIsVisible = 0;
			defaultConfigurationName = Release;
		};
		41EDF7712AB37D3A00399425 /* Build configuration list for PBXNativeTarget "PlenyTask" */ = {
			isa = XCConfigurationList;
			buildConfigurations = (
				41EDF7722AB37D3A00399425 /* Debug */,
				41EDF7732AB37D3A00399425 /* Release */,
			);
			defaultConfigurationIsVisible = 0;
			defaultConfigurationName = Release;
		};
		41EDF7742AB37D3A00399425 /* Build configuration list for PBXNativeTarget "PlenyTaskTests" */ = {
			isa = XCConfigurationList;
			buildConfigurations = (
				41EDF7752AB37D3A00399425 /* Debug */,
				41EDF7762AB37D3A00399425 /* Release */,
			);
			defaultConfigurationIsVisible = 0;
			defaultConfigurationName = Release;
		};
		41EDF7772AB37D3A00399425 /* Build configuration list for PBXNativeTarget "PlenyTaskUITests" */ = {
			isa = XCConfigurationList;
			buildConfigurations = (
				41EDF7782AB37D3A00399425 /* Debug */,
				41EDF7792AB37D3A00399425 /* Release */,
			);
			defaultConfigurationIsVisible = 0;
			defaultConfigurationName = Release;
		};
/* End XCConfigurationList section */

/* Begin XCRemoteSwiftPackageReference section */
		41EDF77B2AB38D4000399425 /* XCRemoteSwiftPackageReference "Alamofire" */ = {
			isa = XCRemoteSwiftPackageReference;
			repositoryURL = "https://github.com/Alamofire/Alamofire.git";
			requirement = {
				kind = upToNextMajorVersion;
				minimumVersion = 5.0.0;
			};
		};
/* End XCRemoteSwiftPackageReference section */

/* Begin XCSwiftPackageProductDependency section */
		41EDF77C2AB38D4000399425 /* Alamofire */ = {
			isa = XCSwiftPackageProductDependency;
			package = 41EDF77B2AB38D4000399425 /* XCRemoteSwiftPackageReference "Alamofire" */;
			productName = Alamofire;
		};
/* End XCSwiftPackageProductDependency section */
	};
	rootObject = 41EDF7452AB37D3700399425 /* Project object */;
}
